
Microsoft Visual Studio Solution File, Format Version 12.00
# Visual Studio Version 17
VisualStudioVersion = 17.14.36414.22
MinimumVisualStudioVersion = 10.0.40219.1
Project("{2150E333-8FDC-42A3-9474-1A3956D46DE8}") = "Task 1", "Task 1", "{D69BC1FF-9351-44BF-AAC0-E00D5E4E839C}"
EndProject
Project("{FAE04EC0-301F-11D3-BF4B-00C04F79EFBC}") = "Tyuiu.PankovaAA.Sprint4.Task1.V22", "Tyuiu.PankovaAA.Sprint4.Task1.V22\Tyuiu.PankovaAA.Sprint4.Task1.V22.csproj", "{26F23FBA-C4F3-4436-97A2-1A873331FCD9}"
EndProject
Project("{FAE04EC0-301F-11D3-BF4B-00C04F79EFBC}") = "Tyuiu.PankovaAA.Sprint4.Task1.V22.Lib", "Tyuiu.PankovaAA.Sprint4.Task1.V22.Lib\Tyuiu.PankovaAA.Sprint4.Task1.V22.Lib.csproj", "{5272A266-EEF8-4F70-BAE6-25629CC4CB02}"
EndProject
Project("{FAE04EC0-301F-11D3-BF4B-00C04F79EFBC}") = "Tyuiu.PankovaAA.Sprint4.Task1.V22.Test", "Tyuiu.PankovaAA.Sprint4.Task1.V22.Test\Tyuiu.PankovaAA.Sprint4.Task1.V22.Test.csproj", "{6EC24D1E-BA06-4D09-A134-A2A3BF0261C9}"
EndProject
Project("{2150E333-8FDC-42A3-9474-1A3956D46DE8}") = "Task 2", "Task 2", "{2686A7FC-A916-483F-966A-490F8F0A67CA}"
EndProject
Project("{FAE04EC0-301F-11D3-BF4B-00C04F79EFBC}") = "Tyuiu.PankovaAA.Sprint4.Task2.V27", "Tyuiu.PankovaAA.Sprint4.Task2.V27\Tyuiu.PankovaAA.Sprint4.Task2.V27.csproj", "{B0F4B509-C038-44F5-981F-07A985A5EC23}"
EndProject
Project("{FAE04EC0-301F-11D3-BF4B-00C04F79EFBC}") = "Tyuiu.PankovaAA.Sprint4.Task2.V27.Lib", "Tyuiu.PankovaAA.Sprint4.Task2.V27.Lib\Tyuiu.PankovaAA.Sprint4.Task2.V27.Lib.csproj", "{D31D9EA4-4315-49A6-85EE-01D79F4ED241}"
EndProject
Project("{FAE04EC0-301F-11D3-BF4B-00C04F79EFBC}") = "Tyuiu.PankovaAA.Sprint4.Task2.V27.Test", "Tyuiu.PankovaAA.Sprint4.Task2.V27.Test\Tyuiu.PankovaAA.Sprint4.Task2.V27.Test.csproj", "{8C9D816D-124E-4486-8C1E-371347F0CF23}"
EndProject
Project("{2150E333-8FDC-42A3-9474-1A3956D46DE8}") = "Task 3", "Task 3", "{A5F693B8-A9DA-4DCE-9726-557B91AB8CE5}"
EndProject
Project("{FAE04EC0-301F-11D3-BF4B-00C04F79EFBC}") = "Tyuiu.PankovaAA.Sprint4.Task3.V11", "Tyuiu.PankovaAA.Sprint4.Task3.V11\Tyuiu.PankovaAA.Sprint4.Task3.V11.csproj", "{60ED6DC8-84A6-4E5F-BDA6-292C202349D0}"
EndProject
Project("{FAE04EC0-301F-11D3-BF4B-00C04F79EFBC}") = "Tyuiu.PankovaAA.Sprint4.Task3.V11.Lib", "Tyuiu.PankovaAA.Sprint4.Task3.V11.Lib\Tyuiu.PankovaAA.Sprint4.Task3.V11.Lib.csproj", "{1D898909-2E4D-40A3-A0D8-BC219AF05CCA}"
EndProject
Project("{FAE04EC0-301F-11D3-BF4B-00C04F79EFBC}") = "Tyuiu.PankovaAA.Sprint4.Task3.V11.Test", "Tyuiu.PankovaAA.Sprint4.Task3.V11.Test\Tyuiu.PankovaAA.Sprint4.Task3.V11.Test.csproj", "{ABA9836A-FC5E-4CBA-821F-CC3F86444205}"
EndProject
Project("{2150E333-8FDC-42A3-9474-1A3956D46DE8}") = "Task 4", "Task 4", "{0A93AC9D-DDAA-4592-A80C-284BC1429954}"
EndProject
Project("{FAE04EC0-301F-11D3-BF4B-00C04F79EFBC}") = "Tyuiu.PankovaAA.Sprint4.Task4.V20", "Tyuiu.PankovaAA.Sprint4.Task4.V20\Tyuiu.PankovaAA.Sprint4.Task4.V20.csproj", "{2B966550-2D8A-475B-8D90-2D1B22F66912}"
EndProject
Project("{FAE04EC0-301F-11D3-BF4B-00C04F79EFBC}") = "Tyuiu.PankovaAA.Sprint4.Task4.V20.Lib", "Tyuiu.PankovaAA.Sprint4.Task4.V20.Lib\Tyuiu.PankovaAA.Sprint4.Task4.V20.Lib.csproj", "{FAE6DF20-32FD-43F8-B6B8-11329C5BD0FB}"
EndProject
Project("{FAE04EC0-301F-11D3-BF4B-00C04F79EFBC}") = "Tyuiu.PankovaAA.Sprint4.Task4.V20.Test", "Tyuiu.PankovaAA.Sprint4.Task4.V20.Test\Tyuiu.PankovaAA.Sprint4.Task4.V20.Test.csproj", "{F25708B6-6032-451D-BE9C-8F6480D71DF6}"
EndProject
Project("{2150E333-8FDC-42A3-9474-1A3956D46DE8}") = "Task 0", "Task 0", "{02EA681E-C7D8-13C7-8484-4AC65E1B71E8}"
EndProject
Project("{FAE04EC0-301F-11D3-BF4B-00C04F79EFBC}") = "Tyuiu.PankovaAA.Sprint4.Task0.V29", "Tyuiu.PankovaAA.Sprint4.Task0.V29\Tyuiu.PankovaAA.Sprint4.Task0.V29.csproj", "{07C3AF37-C4E8-49D1-A994-C8608275DAB6}"
EndProject
Project("{FAE04EC0-301F-11D3-BF4B-00C04F79EFBC}") = "Tyuiu.PankovaAA.Sprint4.Task0.V29.Lib", "Tyuiu.PankovaAA.Sprint4.Task0.V29.Lib\Tyuiu.PankovaAA.Sprint4.Task0.V29.Lib.csproj", "{719DF98C-6F0B-46DD-80F1-2D64D978328F}"
EndProject
Project("{FAE04EC0-301F-11D3-BF4B-00C04F79EFBC}") = "Tyuiu.PankovaAA.Sprint4.Task0.V29.Test", "Tyuiu.PankovaAA.Sprint4.Task0.V29.Test\Tyuiu.PankovaAA.Sprint4.Task0.V29.Test.csproj", "{57BDF888-4B12-45A2-A7AE-D5131154EC29}"
EndProject
Project("{2150E333-8FDC-42A3-9474-1A3956D46DE8}") = "Task 5", "Task 5", "{45DDEBD2-1970-40C4-9A6C-63BE0B4BCEB1}"
EndProject
Project("{FAE04EC0-301F-11D3-BF4B-00C04F79EFBC}") = "Tyuiu.PankovaAA.Sprint4.Task5.V9", "Tyuiu.PankovaAA.Sprint4.Task5.V9\Tyuiu.PankovaAA.Sprint4.Task5.V9.csproj", "{C35716A1-998B-466D-AB62-60A13EEE8577}"
EndProject
Project("{FAE04EC0-301F-11D3-BF4B-00C04F79EFBC}") = "Tyuiu.PankovaAA.Sprint4.Task5.V9.Lib", "Tyuiu.PankovaAA.Sprint4.Task5.V9.Lib\Tyuiu.PankovaAA.Sprint4.Task5.V9.Lib.csproj", "{63133BCD-4A1A-4F9E-9144-A901D5093B03}"
EndProject
Project("{FAE04EC0-301F-11D3-BF4B-00C04F79EFBC}") = "Tyuiu.PankovaAA.Sprint4.Task5.V9.Test", "Tyuiu.PankovaAA.Sprint4.Task5.V9.Test\Tyuiu.PankovaAA.Sprint4.Task5.V9.Test.csproj", "{EF99095F-C30A-4136-A38B-A07580E0A005}"
EndProject
Global
	GlobalSection(SolutionConfigurationPlatforms) = preSolution
		Debug|Any CPU = Debug|Any CPU
		Release|Any CPU = Release|Any CPU
	EndGlobalSection
	GlobalSection(ProjectConfigurationPlatforms) = postSolution
		{26F23FBA-C4F3-4436-97A2-1A873331FCD9}.Debug|Any CPU.ActiveCfg = Debug|Any CPU
		{26F23FBA-C4F3-4436-97A2-1A873331FCD9}.Debug|Any CPU.Build.0 = Debug|Any CPU
		{26F23FBA-C4F3-4436-97A2-1A873331FCD9}.Release|Any CPU.ActiveCfg = Release|Any CPU
		{26F23FBA-C4F3-4436-97A2-1A873331FCD9}.Release|Any CPU.Build.0 = Release|Any CPU
		{5272A266-EEF8-4F70-BAE6-25629CC4CB02}.Debug|Any CPU.ActiveCfg = Debug|Any CPU
		{5272A266-EEF8-4F70-BAE6-25629CC4CB02}.Debug|Any CPU.Build.0 = Debug|Any CPU
		{5272A266-EEF8-4F70-BAE6-25629CC4CB02}.Release|Any CPU.ActiveCfg = Release|Any CPU
		{5272A266-EEF8-4F70-BAE6-25629CC4CB02}.Release|Any CPU.Build.0 = Release|Any CPU
		{6EC24D1E-BA06-4D09-A134-A2A3BF0261C9}.Debug|Any CPU.ActiveCfg = Debug|Any CPU
		{6EC24D1E-BA06-4D09-A134-A2A3BF0261C9}.Debug|Any CPU.Build.0 = Debug|Any CPU
		{6EC24D1E-BA06-4D09-A134-A2A3BF0261C9}.Release|Any CPU.ActiveCfg = Release|Any CPU
		{6EC24D1E-BA06-4D09-A134-A2A3BF0261C9}.Release|Any CPU.Build.0 = Release|Any CPU
		{B0F4B509-C038-44F5-981F-07A985A5EC23}.Debug|Any CPU.ActiveCfg = Debug|Any CPU
		{B0F4B509-C038-44F5-981F-07A985A5EC23}.Debug|Any CPU.Build.0 = Debug|Any CPU
		{B0F4B509-C038-44F5-981F-07A985A5EC23}.Release|Any CPU.ActiveCfg = Release|Any CPU
		{B0F4B509-C038-44F5-981F-07A985A5EC23}.Release|Any CPU.Build.0 = Release|Any CPU
		{D31D9EA4-4315-49A6-85EE-01D79F4ED241}.Debug|Any CPU.ActiveCfg = Debug|Any CPU
		{D31D9EA4-4315-49A6-85EE-01D79F4ED241}.Debug|Any CPU.Build.0 = Debug|Any CPU
		{D31D9EA4-4315-49A6-85EE-01D79F4ED241}.Release|Any CPU.ActiveCfg = Release|Any CPU
		{D31D9EA4-4315-49A6-85EE-01D79F4ED241}.Release|Any CPU.Build.0 = Release|Any CPU
		{8C9D816D-124E-4486-8C1E-371347F0CF23}.Debug|Any CPU.ActiveCfg = Debug|Any CPU
		{8C9D816D-124E-4486-8C1E-371347F0CF23}.Debug|Any CPU.Build.0 = Debug|Any CPU
		{8C9D816D-124E-4486-8C1E-371347F0CF23}.Release|Any CPU.ActiveCfg = Release|Any CPU
		{8C9D816D-124E-4486-8C1E-371347F0CF23}.Release|Any CPU.Build.0 = Release|Any CPU
		{60ED6DC8-84A6-4E5F-BDA6-292C202349D0}.Debug|Any CPU.ActiveCfg = Debug|Any CPU
		{60ED6DC8-84A6-4E5F-BDA6-292C202349D0}.Debug|Any CPU.Build.0 = Debug|Any CPU
		{60ED6DC8-84A6-4E5F-BDA6-292C202349D0}.Release|Any CPU.ActiveCfg = Release|Any CPU
		{60ED6DC8-84A6-4E5F-BDA6-292C202349D0}.Release|Any CPU.Build.0 = Release|Any CPU
		{1D898909-2E4D-40A3-A0D8-BC219AF05CCA}.Debug|Any CPU.ActiveCfg = Debug|Any CPU
		{1D898909-2E4D-40A3-A0D8-BC219AF05CCA}.Debug|Any CPU.Build.0 = Debug|Any CPU
		{1D898909-2E4D-40A3-A0D8-BC219AF05CCA}.Release|Any CPU.ActiveCfg = Release|Any CPU
		{1D898909-2E4D-40A3-A0D8-BC219AF05CCA}.Release|Any CPU.Build.0 = Release|Any CPU
		{ABA9836A-FC5E-4CBA-821F-CC3F86444205}.Debug|Any CPU.ActiveCfg = Debug|Any CPU
		{ABA9836A-FC5E-4CBA-821F-CC3F86444205}.Debug|Any CPU.Build.0 = Debug|Any CPU
		{ABA9836A-FC5E-4CBA-821F-CC3F86444205}.Release|Any CPU.ActiveCfg = Release|Any CPU
		{ABA9836A-FC5E-4CBA-821F-CC3F86444205}.Release|Any CPU.Build.0 = Release|Any CPU
		{2B966550-2D8A-475B-8D90-2D1B22F66912}.Debug|Any CPU.ActiveCfg = Debug|Any CPU
		{2B966550-2D8A-475B-8D90-2D1B22F66912}.Debug|Any CPU.Build.0 = Debug|Any CPU
		{2B966550-2D8A-475B-8D90-2D1B22F66912}.Release|Any CPU.ActiveCfg = Release|Any CPU
		{2B966550-2D8A-475B-8D90-2D1B22F66912}.Release|Any CPU.Build.0 = Release|Any CPU
		{FAE6DF20-32FD-43F8-B6B8-11329C5BD0FB}.Debug|Any CPU.ActiveCfg = Debug|Any CPU
		{FAE6DF20-32FD-43F8-B6B8-11329C5BD0FB}.Debug|Any CPU.Build.0 = Debug|Any CPU
		{FAE6DF20-32FD-43F8-B6B8-11329C5BD0FB}.Release|Any CPU.ActiveCfg = Release|Any CPU
		{FAE6DF20-32FD-43F8-B6B8-11329C5BD0FB}.Release|Any CPU.Build.0 = Release|Any CPU
		{F25708B6-6032-451D-BE9C-8F6480D71DF6}.Debug|Any CPU.ActiveCfg = Debug|Any CPU
		{F25708B6-6032-451D-BE9C-8F6480D71DF6}.Debug|Any CPU.Build.0 = Debug|Any CPU
		{F25708B6-6032-451D-BE9C-8F6480D71DF6}.Release|Any CPU.ActiveCfg = Release|Any CPU
		{F25708B6-6032-451D-BE9C-8F6480D71DF6}.Release|Any CPU.Build.0 = Release|Any CPU
		{07C3AF37-C4E8-49D1-A994-C8608275DAB6}.Debug|Any CPU.ActiveCfg = Debug|Any CPU
		{07C3AF37-C4E8-49D1-A994-C8608275DAB6}.Debug|Any CPU.Build.0 = Debug|Any CPU
		{07C3AF37-C4E8-49D1-A994-C8608275DAB6}.Release|Any CPU.ActiveCfg = Release|Any CPU
		{07C3AF37-C4E8-49D1-A994-C8608275DAB6}.Release|Any CPU.Build.0 = Release|Any CPU
		{719DF98C-6F0B-46DD-80F1-2D64D978328F}.Debug|Any CPU.ActiveCfg = Debug|Any CPU
		{719DF98C-6F0B-46DD-80F1-2D64D978328F}.Debug|Any CPU.Build.0 = Debug|Any CPU
		{719DF98C-6F0B-46DD-80F1-2D64D978328F}.Release|Any CPU.ActiveCfg = Release|Any CPU
		{719DF98C-6F0B-46DD-80F1-2D64D978328F}.Release|Any CPU.Build.0 = Release|Any CPU
		{57BDF888-4B12-45A2-A7AE-D5131154EC29}.Debug|Any CPU.ActiveCfg = Debug|Any CPU
		{57BDF888-4B12-45A2-A7AE-D5131154EC29}.Debug|Any CPU.Build.0 = Debug|Any CPU
		{57BDF888-4B12-45A2-A7AE-D5131154EC29}.Release|Any CPU.ActiveCfg = Release|Any CPU
		{57BDF888-4B12-45A2-A7AE-D5131154EC29}.Release|Any CPU.Build.0 = Release|Any CPU
		{C35716A1-998B-466D-AB62-60A13EEE8577}.Debug|Any CPU.ActiveCfg = Debug|Any CPU
		{C35716A1-998B-466D-AB62-60A13EEE8577}.Debug|Any CPU.Build.0 = Debug|Any CPU
		{C35716A1-998B-466D-AB62-60A13EEE8577}.Release|Any CPU.ActiveCfg = Release|Any CPU
		{C35716A1-998B-466D-AB62-60A13EEE8577}.Release|Any CPU.Build.0 = Release|Any CPU
		{63133BCD-4A1A-4F9E-9144-A901D5093B03}.Debug|Any CPU.ActiveCfg = Debug|Any CPU
		{63133BCD-4A1A-4F9E-9144-A901D5093B03}.Debug|Any CPU.Build.0 = Debug|Any CPU
		{63133BCD-4A1A-4F9E-9144-A901D5093B03}.Release|Any CPU.ActiveCfg = Release|Any CPU
		{63133BCD-4A1A-4F9E-9144-A901D5093B03}.Release|Any CPU.Build.0 = Release|Any CPU
		{EF99095F-C30A-4136-A38B-A07580E0A005}.Debug|Any CPU.ActiveCfg = Debug|Any CPU
		{EF99095F-C30A-4136-A38B-A07580E0A005}.Debug|Any CPU.Build.0 = Debug|Any CPU
		{EF99095F-C30A-4136-A38B-A07580E0A005}.Release|Any CPU.ActiveCfg = Release|Any CPU
		{EF99095F-C30A-4136-A38B-A07580E0A005}.Release|Any CPU.Build.0 = Release|Any CPU
	EndGlobalSection
	GlobalSection(SolutionProperties) = preSolution
		HideSolutionNode = FALSE
	EndGlobalSection
	GlobalSection(NestedProjects) = preSolution
		{26F23FBA-C4F3-4436-97A2-1A873331FCD9} = {D69BC1FF-9351-44BF-AAC0-E00D5E4E839C}
		{5272A266-EEF8-4F70-BAE6-25629CC4CB02} = {D69BC1FF-9351-44BF-AAC0-E00D5E4E839C}
		{6EC24D1E-BA06-4D09-A134-A2A3BF0261C9} = {D69BC1FF-9351-44BF-AAC0-E00D5E4E839C}
		{B0F4B509-C038-44F5-981F-07A985A5EC23} = {2686A7FC-A916-483F-966A-490F8F0A67CA}
		{D31D9EA4-4315-49A6-85EE-01D79F4ED241} = {2686A7FC-A916-483F-966A-490F8F0A67CA}
		{8C9D816D-124E-4486-8C1E-371347F0CF23} = {2686A7FC-A916-483F-966A-490F8F0A67CA}
		{60ED6DC8-84A6-4E5F-BDA6-292C202349D0} = {A5F693B8-A9DA-4DCE-9726-557B91AB8CE5}
		{1D898909-2E4D-40A3-A0D8-BC219AF05CCA} = {A5F693B8-A9DA-4DCE-9726-557B91AB8CE5}
		{ABA9836A-FC5E-4CBA-821F-CC3F86444205} = {A5F693B8-A9DA-4DCE-9726-557B91AB8CE5}
		{2B966550-2D8A-475B-8D90-2D1B22F66912} = {0A93AC9D-DDAA-4592-A80C-284BC1429954}
		{FAE6DF20-32FD-43F8-B6B8-11329C5BD0FB} = {0A93AC9D-DDAA-4592-A80C-284BC1429954}
		{F25708B6-6032-451D-BE9C-8F6480D71DF6} = {0A93AC9D-DDAA-4592-A80C-284BC1429954}
		{07C3AF37-C4E8-49D1-A994-C8608275DAB6} = {02EA681E-C7D8-13C7-8484-4AC65E1B71E8}
		{719DF98C-6F0B-46DD-80F1-2D64D978328F} = {02EA681E-C7D8-13C7-8484-4AC65E1B71E8}
		{57BDF888-4B12-45A2-A7AE-D5131154EC29} = {02EA681E-C7D8-13C7-8484-4AC65E1B71E8}
		{C35716A1-998B-466D-AB62-60A13EEE8577} = {45DDEBD2-1970-40C4-9A6C-63BE0B4BCEB1}
		{63133BCD-4A1A-4F9E-9144-A901D5093B03} = {45DDEBD2-1970-40C4-9A6C-63BE0B4BCEB1}
		{EF99095F-C30A-4136-A38B-A07580E0A005} = {45DDEBD2-1970-40C4-9A6C-63BE0B4BCEB1}
	EndGlobalSection
	GlobalSection(ExtensibilityGlobals) = postSolution
		SolutionGuid = {83C93015-CE53-4768-98AF-BEBE11746662}
	EndGlobalSection
EndGlobal
