
Microsoft Visual Studio Solution File, Format Version 12.00
# Visual Studio Version 17
VisualStudioVersion = 17.14.36414.22
MinimumVisualStudioVersion = 10.0.40219.1
Project("{2150E333-8FDC-42A3-9474-1A3956D46DE8}") = "Task 0", "Task 0", "{02EA681E-C7D8-13C7-8484-4AC65E1B71E8}"
EndProject
Project("{FAE04EC0-301F-11D3-BF4B-00C04F79EFBC}") = "Tyuiu.PankovaAA.Sprint4.Task0.V29", "Tyuiu.PankovaAA.Sprint4.Task0.V29\Tyuiu.PankovaAA.Sprint4.Task0.V29.csproj", "{9ED2CD2B-1FB8-4899-B64C-F2AC6E82EC1D}"
EndProject
Project("{FAE04EC0-301F-11D3-BF4B-00C04F79EFBC}") = "Tyuiu.PankovaAA.Sprint4.Task0.V29.Lib", "Tyuiu.PankovaAA.Sprint4.Task0.V29.Lib\Tyuiu.PankovaAA.Sprint4.Task0.V29.Lib.csproj", "{85AD837E-FE29-4B22-92C3-E82F21DE6A9C}"
EndProject
Project("{FAE04EC0-301F-11D3-BF4B-00C04F79EFBC}") = "Tyuiu.PankovaAA.Sprint4.Task0.V29.Test", "Tyuiu.PankovaAA.Sprint4.Task0.V29.Test\Tyuiu.PankovaAA.Sprint4.Task0.V29.Test.csproj", "{AECFD6BB-BD18-4529-ADC4-A79BFACC4C01}"
EndProject
Project("{2150E333-8FDC-42A3-9474-1A3956D46DE8}") = "Task1", "Task1", "{D69BC1FF-9351-44BF-AAC0-E00D5E4E839C}"
EndProject
Project("{FAE04EC0-301F-11D3-BF4B-00C04F79EFBC}") = "Tyuiu.PankovaAA.Sprint4.Task1.V22", "Tyuiu.PankovaAA.Sprint4.Task1.V22\Tyuiu.PankovaAA.Sprint4.Task1.V22.csproj", "{26F23FBA-C4F3-4436-97A2-1A873331FCD9}"
EndProject
Project("{FAE04EC0-301F-11D3-BF4B-00C04F79EFBC}") = "Tyuiu.PankovaAA.Sprint4.Task1.V22.Lib", "Tyuiu.PankovaAA.Sprint4.Task1.V22.Lib\Tyuiu.PankovaAA.Sprint4.Task1.V22.Lib.csproj", "{5272A266-EEF8-4F70-BAE6-25629CC4CB02}"
EndProject
Project("{FAE04EC0-301F-11D3-BF4B-00C04F79EFBC}") = "Tyuiu.PankovaAA.Sprint4.Task1.V22.Test", "Tyuiu.PankovaAA.Sprint4.Task1.V22.Test\Tyuiu.PankovaAA.Sprint4.Task1.V22.Test.csproj", "{6EC24D1E-BA06-4D09-A134-A2A3BF0261C9}"
EndProject
Project("{2150E333-8FDC-42A3-9474-1A3956D46DE8}") = "Task 2", "Task 2", "{2686A7FC-A916-483F-966A-490F8F0A67CA}"
EndProject
Project("{FAE04EC0-301F-11D3-BF4B-00C04F79EFBC}") = "Tyuiu.PankovaAA.Sprint4.Task2.V27", "Tyuiu.PankovaAA.Sprint4.Task2.V27\Tyuiu.PankovaAA.Sprint4.Task2.V27.csproj", "{B0F4B509-C038-44F5-981F-07A985A5EC23}"
EndProject
Project("{FAE04EC0-301F-11D3-BF4B-00C04F79EFBC}") = "Tyuiu.PankovaAA.Sprint4.Task2.V27.Lib", "Tyuiu.PankovaAA.Sprint4.Task2.V27.Lib\Tyuiu.PankovaAA.Sprint4.Task2.V27.Lib.csproj", "{D31D9EA4-4315-49A6-85EE-01D79F4ED241}"
EndProject
Project("{FAE04EC0-301F-11D3-BF4B-00C04F79EFBC}") = "Tyuiu.PankovaAA.Sprint4.Task2.V27.Test", "Tyuiu.PankovaAA.Sprint4.Task2.V27.Test\Tyuiu.PankovaAA.Sprint4.Task2.V27.Test.csproj", "{8C9D816D-124E-4486-8C1E-371347F0CF23}"
EndProject
Project("{2150E333-8FDC-42A3-9474-1A3956D46DE8}") = "Task 3", "Task 3", "{382BDC03-BDA4-4D30-96C2-3290A223F907}"
EndProject
Project("{FAE04EC0-301F-11D3-BF4B-00C04F79EFBC}") = "Tyuiu.PankovaAA.Sprint4.Task3.V11", "Tyuiu.PankovaAA.Sprint4.Task3.V11\Tyuiu.PankovaAA.Sprint4.Task3.V11.csproj", "{01F1F4CB-F10F-4D69-B2D6-0DF2A364A73C}"
EndProject
Project("{FAE04EC0-301F-11D3-BF4B-00C04F79EFBC}") = "Tyuiu.PankovaAA.Sprint4.Task3.V11.Lib", "Tyuiu.PankovaAA.Sprint4.Task3.V11.Lib\Tyuiu.PankovaAA.Sprint4.Task3.V11.Lib.csproj", "{ADECF43B-905C-4EEE-B5A6-1B054D7C151B}"
EndProject
Project("{FAE04EC0-301F-11D3-BF4B-00C04F79EFBC}") = "Tyuiu.PankovaAA.Sprint4.Task3.V11.Test", "Tyuiu.PankovaAA.Sprint4.Task3.V11.Test\Tyuiu.PankovaAA.Sprint4.Task3.V11.Test.csproj", "{548140BD-5C06-457A-83AA-E755DD06CC67}"
EndProject
Project("{2150E333-8FDC-42A3-9474-1A3956D46DE8}") = "Task 4", "Task 4", "{676BDF45-9251-4D19-9912-A1DF8293E808}"
EndProject
Project("{FAE04EC0-301F-11D3-BF4B-00C04F79EFBC}") = "Tyuiu.PankovaAA.Sprint4.Task4.V20", "Tyuiu.PankovaAA.Sprint4.Task4.V20\Tyuiu.PankovaAA.Sprint4.Task4.V20.csproj", "{47C83C23-FF72-4E41-85A4-DAAEC989804F}"
EndProject
Project("{FAE04EC0-301F-11D3-BF4B-00C04F79EFBC}") = "Tyuiu.PankovaAA.Sprint4.Task4.V20.Lib", "Tyuiu.PankovaAA.Sprint4.Task4.V20.Lib\Tyuiu.PankovaAA.Sprint4.Task4.V20.Lib.csproj", "{AEF33368-8D17-460C-9007-2B3715C81397}"
EndProject
Project("{FAE04EC0-301F-11D3-BF4B-00C04F79EFBC}") = "Tyuiu.PankovaAA.Sprint4.Task4.V20.Test", "Tyuiu.PankovaAA.Sprint4.Task4.V20.Test\Tyuiu.PankovaAA.Sprint4.Task4.V20.Test.csproj", "{0E13EE2C-BCA0-46D3-8E8D-8C49D5F08AD5}"
EndProject
Global
	GlobalSection(SolutionConfigurationPlatforms) = preSolution
		Debug|Any CPU = Debug|Any CPU
		Release|Any CPU = Release|Any CPU
	EndGlobalSection
	GlobalSection(ProjectConfigurationPlatforms) = postSolution
		{9ED2CD2B-1FB8-4899-B64C-F2AC6E82EC1D}.Debug|Any CPU.ActiveCfg = Debug|Any CPU
		{9ED2CD2B-1FB8-4899-B64C-F2AC6E82EC1D}.Debug|Any CPU.Build.0 = Debug|Any CPU
		{9ED2CD2B-1FB8-4899-B64C-F2AC6E82EC1D}.Release|Any CPU.ActiveCfg = Release|Any CPU
		{9ED2CD2B-1FB8-4899-B64C-F2AC6E82EC1D}.Release|Any CPU.Build.0 = Release|Any CPU
		{85AD837E-FE29-4B22-92C3-E82F21DE6A9C}.Debug|Any CPU.ActiveCfg = Debug|Any CPU
		{85AD837E-FE29-4B22-92C3-E82F21DE6A9C}.Debug|Any CPU.Build.0 = Debug|Any CPU
		{85AD837E-FE29-4B22-92C3-E82F21DE6A9C}.Release|Any CPU.ActiveCfg = Release|Any CPU
		{85AD837E-FE29-4B22-92C3-E82F21DE6A9C}.Release|Any CPU.Build.0 = Release|Any CPU
		{AECFD6BB-BD18-4529-ADC4-A79BFACC4C01}.Debug|Any CPU.ActiveCfg = Debug|Any CPU
		{AECFD6BB-BD18-4529-ADC4-A79BFACC4C01}.Debug|Any CPU.Build.0 = Debug|Any CPU
		{AECFD6BB-BD18-4529-ADC4-A79BFACC4C01}.Release|Any CPU.ActiveCfg = Release|Any CPU
		{AECFD6BB-BD18-4529-ADC4-A79BFACC4C01}.Release|Any CPU.Build.0 = Release|Any CPU
		{26F23FBA-C4F3-4436-97A2-1A873331FCD9}.Debug|Any CPU.ActiveCfg = Debug|Any CPU
		{26F23FBA-C4F3-4436-97A2-1A873331FCD9}.Debug|Any CPU.Build.0 = Debug|Any CPU
		{26F23FBA-C4F3-4436-97A2-1A873331FCD9}.Release|Any CPU.ActiveCfg = Release|Any CPU
		{26F23FBA-C4F3-4436-97A2-1A873331FCD9}.Release|Any CPU.Build.0 = Release|Any CPU
		{5272A266-EEF8-4F70-BAE6-25629CC4CB02}.Debug|Any CPU.ActiveCfg = Debug|Any CPU
		{5272A266-EEF8-4F70-BAE6-25629CC4CB02}.Debug|Any CPU.Build.0 = Debug|Any CPU
		{5272A266-EEF8-4F70-BAE6-25629CC4CB02}.Release|Any CPU.ActiveCfg = Release|Any CPU
		{5272A266-EEF8-4F70-BAE6-25629CC4CB02}.Release|Any CPU.Build.0 = Release|Any CPU
		{6EC24D1E-BA06-4D09-A134-A2A3BF0261C9}.Debug|Any CPU.ActiveCfg = Debug|Any CPU
		{6EC24D1E-BA06-4D09-A134-A2A3BF0261C9}.Debug|Any CPU.Build.0 = Debug|Any CPU
		{6EC24D1E-BA06-4D09-A134-A2A3BF0261C9}.Release|Any CPU.ActiveCfg = Release|Any CPU
		{6EC24D1E-BA06-4D09-A134-A2A3BF0261C9}.Release|Any CPU.Build.0 = Release|Any CPU
		{B0F4B509-C038-44F5-981F-07A985A5EC23}.Debug|Any CPU.ActiveCfg = Debug|Any CPU
		{B0F4B509-C038-44F5-981F-07A985A5EC23}.Debug|Any CPU.Build.0 = Debug|Any CPU
		{B0F4B509-C038-44F5-981F-07A985A5EC23}.Release|Any CPU.ActiveCfg = Release|Any CPU
		{B0F4B509-C038-44F5-981F-07A985A5EC23}.Release|Any CPU.Build.0 = Release|Any CPU
		{D31D9EA4-4315-49A6-85EE-01D79F4ED241}.Debug|Any CPU.ActiveCfg = Debug|Any CPU
		{D31D9EA4-4315-49A6-85EE-01D79F4ED241}.Debug|Any CPU.Build.0 = Debug|Any CPU
		{D31D9EA4-4315-49A6-85EE-01D79F4ED241}.Release|Any CPU.ActiveCfg = Release|Any CPU
		{D31D9EA4-4315-49A6-85EE-01D79F4ED241}.Release|Any CPU.Build.0 = Release|Any CPU
		{8C9D816D-124E-4486-8C1E-371347F0CF23}.Debug|Any CPU.ActiveCfg = Debug|Any CPU
		{8C9D816D-124E-4486-8C1E-371347F0CF23}.Debug|Any CPU.Build.0 = Debug|Any CPU
		{8C9D816D-124E-4486-8C1E-371347F0CF23}.Release|Any CPU.ActiveCfg = Release|Any CPU
		{8C9D816D-124E-4486-8C1E-371347F0CF23}.Release|Any CPU.Build.0 = Release|Any CPU
		{01F1F4CB-F10F-4D69-B2D6-0DF2A364A73C}.Debug|Any CPU.ActiveCfg = Debug|Any CPU
		{01F1F4CB-F10F-4D69-B2D6-0DF2A364A73C}.Debug|Any CPU.Build.0 = Debug|Any CPU
		{01F1F4CB-F10F-4D69-B2D6-0DF2A364A73C}.Release|Any CPU.ActiveCfg = Release|Any CPU
		{01F1F4CB-F10F-4D69-B2D6-0DF2A364A73C}.Release|Any CPU.Build.0 = Release|Any CPU
		{ADECF43B-905C-4EEE-B5A6-1B054D7C151B}.Debug|Any CPU.ActiveCfg = Debug|Any CPU
		{ADECF43B-905C-4EEE-B5A6-1B054D7C151B}.Debug|Any CPU.Build.0 = Debug|Any CPU
		{ADECF43B-905C-4EEE-B5A6-1B054D7C151B}.Release|Any CPU.ActiveCfg = Release|Any CPU
		{ADECF43B-905C-4EEE-B5A6-1B054D7C151B}.Release|Any CPU.Build.0 = Release|Any CPU
		{548140BD-5C06-457A-83AA-E755DD06CC67}.Debug|Any CPU.ActiveCfg = Debug|Any CPU
		{548140BD-5C06-457A-83AA-E755DD06CC67}.Debug|Any CPU.Build.0 = Debug|Any CPU
		{548140BD-5C06-457A-83AA-E755DD06CC67}.Release|Any CPU.ActiveCfg = Release|Any CPU
		{548140BD-5C06-457A-83AA-E755DD06CC67}.Release|Any CPU.Build.0 = Release|Any CPU
		{47C83C23-FF72-4E41-85A4-DAAEC989804F}.Debug|Any CPU.ActiveCfg = Debug|Any CPU
		{47C83C23-FF72-4E41-85A4-DAAEC989804F}.Debug|Any CPU.Build.0 = Debug|Any CPU
		{47C83C23-FF72-4E41-85A4-DAAEC989804F}.Release|Any CPU.ActiveCfg = Release|Any CPU
		{47C83C23-FF72-4E41-85A4-DAAEC989804F}.Release|Any CPU.Build.0 = Release|Any CPU
		{AEF33368-8D17-460C-9007-2B3715C81397}.Debug|Any CPU.ActiveCfg = Debug|Any CPU
		{AEF33368-8D17-460C-9007-2B3715C81397}.Debug|Any CPU.Build.0 = Debug|Any CPU
		{AEF33368-8D17-460C-9007-2B3715C81397}.Release|Any CPU.ActiveCfg = Release|Any CPU
		{AEF33368-8D17-460C-9007-2B3715C81397}.Release|Any CPU.Build.0 = Release|Any CPU
		{0E13EE2C-BCA0-46D3-8E8D-8C49D5F08AD5}.Debug|Any CPU.ActiveCfg = Debug|Any CPU
		{0E13EE2C-BCA0-46D3-8E8D-8C49D5F08AD5}.Debug|Any CPU.Build.0 = Debug|Any CPU
		{0E13EE2C-BCA0-46D3-8E8D-8C49D5F08AD5}.Release|Any CPU.ActiveCfg = Release|Any CPU
		{0E13EE2C-BCA0-46D3-8E8D-8C49D5F08AD5}.Release|Any CPU.Build.0 = Release|Any CPU
	EndGlobalSection
	GlobalSection(SolutionProperties) = preSolution
		HideSolutionNode = FALSE
	EndGlobalSection
	GlobalSection(NestedProjects) = preSolution
		{9ED2CD2B-1FB8-4899-B64C-F2AC6E82EC1D} = {02EA681E-C7D8-13C7-8484-4AC65E1B71E8}
		{85AD837E-FE29-4B22-92C3-E82F21DE6A9C} = {02EA681E-C7D8-13C7-8484-4AC65E1B71E8}
		{AECFD6BB-BD18-4529-ADC4-A79BFACC4C01} = {02EA681E-C7D8-13C7-8484-4AC65E1B71E8}
		{26F23FBA-C4F3-4436-97A2-1A873331FCD9} = {D69BC1FF-9351-44BF-AAC0-E00D5E4E839C}
		{5272A266-EEF8-4F70-BAE6-25629CC4CB02} = {D69BC1FF-9351-44BF-AAC0-E00D5E4E839C}
		{6EC24D1E-BA06-4D09-A134-A2A3BF0261C9} = {D69BC1FF-9351-44BF-AAC0-E00D5E4E839C}
		{B0F4B509-C038-44F5-981F-07A985A5EC23} = {2686A7FC-A916-483F-966A-490F8F0A67CA}
		{D31D9EA4-4315-49A6-85EE-01D79F4ED241} = {2686A7FC-A916-483F-966A-490F8F0A67CA}
		{8C9D816D-124E-4486-8C1E-371347F0CF23} = {2686A7FC-A916-483F-966A-490F8F0A67CA}
		{01F1F4CB-F10F-4D69-B2D6-0DF2A364A73C} = {382BDC03-BDA4-4D30-96C2-3290A223F907}
		{ADECF43B-905C-4EEE-B5A6-1B054D7C151B} = {382BDC03-BDA4-4D30-96C2-3290A223F907}
		{548140BD-5C06-457A-83AA-E755DD06CC67} = {382BDC03-BDA4-4D30-96C2-3290A223F907}
		{47C83C23-FF72-4E41-85A4-DAAEC989804F} = {676BDF45-9251-4D19-9912-A1DF8293E808}
		{AEF33368-8D17-460C-9007-2B3715C81397} = {676BDF45-9251-4D19-9912-A1DF8293E808}
		{0E13EE2C-BCA0-46D3-8E8D-8C49D5F08AD5} = {676BDF45-9251-4D19-9912-A1DF8293E808}
	EndGlobalSection
	GlobalSection(ExtensibilityGlobals) = postSolution
		SolutionGuid = {83C93015-CE53-4768-98AF-BEBE11746662}
	EndGlobalSection
EndGlobal
